
Microsoft Visual Studio Solution File, Format Version 12.00
# Visual Studio Version 17
VisualStudioVersion = 17.0.31903.59
MinimumVisualStudioVersion = 10.0.40219.1
Project("{2150E333-8FDC-42A3-9474-1A3956D46DE8}") = "src", "src", "{982CDE9D-D46D-424D-A8F6-33DA1DF6F604}"
EndProject
Project("{FAE04EC0-301F-11D3-BF4B-00C04F79EFBC}") = "BookstoreManagementSystem.WebApp", "src\BookstoreManagementSystem.WebApp\BookstoreManagementSystem.WebApp.csproj", "{43117891-9A63-442A-97D7-EC8BE1568373}"
EndProject
Project("{FAE04EC0-301F-11D3-BF4B-00C04F79EFBC}") = "BookstoreManagementSystem.Scheduler", "src\BookstoreManagementSystem.Scheduler\BookstoreManagementSystem.Scheduler.csproj", "{578AFA33-491D-4AC2-B1A9-6EA447BD6B9E}"
EndProject
Project("{2150E333-8FDC-42A3-9474-1A3956D46DE8}") = "test", "test", "{93469F2D-CC2A-41B3-B071-2F91E1F2A75F}"
EndProject
Project("{FAE04EC0-301F-11D3-BF4B-00C04F79EFBC}") = "BookstoreManagementSystem.UnitTests", "test\BookstoreManagementSystem.UnitTests\BookstoreManagementSystem.UnitTests.csproj", "{58959444-18CA-4562-926F-FFCB69C7FA16}"
EndProject
Project("{FAE04EC0-301F-11D3-BF4B-00C04F79EFBC}") = "BookstoreManagementSystem.IntegrationTests", "test\BookstoreManagementSystem.IntegrationTests\BookstoreManagementSystem.IntegrationTests.csproj", "{72BF064F-F877-434C-B092-624273694DD5}"
EndProject
Project("{2150E333-8FDC-42A3-9474-1A3956D46DE8}") = "utils", "utils", "{7353AE76-8453-4B63-995C-A9C3780EAB16}"
EndProject
Project("{FAE04EC0-301F-11D3-BF4B-00C04F79EFBC}") = "BookstoreManagementSystem.DataGenerator", "utils\BookstoreManagementSystem.DataGenerator\BookstoreManagementSystem.DataGenerator.csproj", "{0DBDAE61-2066-4E98-B280-71C8A06E2188}"
EndProject
Project("{FAE04EC0-301F-11D3-BF4B-00C04F79EFBC}") = "BookstoreDataGenerator", "utils\BookstoreDataGenerator\BookstoreDataGenerator.csproj", "{3C9087ED-0A8A-48C4-B8F8-F957B2FF2543}"
EndProject
Global
	GlobalSection(SolutionConfigurationPlatforms) = preSolution
		Debug|Any CPU = Debug|Any CPU
		Debug|x64 = Debug|x64
		Debug|x86 = Debug|x86
		Release|Any CPU = Release|Any CPU
		Release|x64 = Release|x64
		Release|x86 = Release|x86
	EndGlobalSection
	GlobalSection(ProjectConfigurationPlatforms) = postSolution
		{43117891-9A63-442A-97D7-EC8BE1568373}.Debug|Any CPU.ActiveCfg = Debug|Any CPU
		{43117891-9A63-442A-97D7-EC8BE1568373}.Debug|Any CPU.Build.0 = Debug|Any CPU
		{43117891-9A63-442A-97D7-EC8BE1568373}.Debug|x64.ActiveCfg = Debug|Any CPU
		{43117891-9A63-442A-97D7-EC8BE1568373}.Debug|x64.Build.0 = Debug|Any CPU
		{43117891-9A63-442A-97D7-EC8BE1568373}.Debug|x86.ActiveCfg = Debug|Any CPU
		{43117891-9A63-442A-97D7-EC8BE1568373}.Debug|x86.Build.0 = Debug|Any CPU
		{43117891-9A63-442A-97D7-EC8BE1568373}.Release|Any CPU.ActiveCfg = Release|Any CPU
		{43117891-9A63-442A-97D7-EC8BE1568373}.Release|Any CPU.Build.0 = Release|Any CPU
		{43117891-9A63-442A-97D7-EC8BE1568373}.Release|x64.ActiveCfg = Release|Any CPU
		{43117891-9A63-442A-97D7-EC8BE1568373}.Release|x64.Build.0 = Release|Any CPU
		{43117891-9A63-442A-97D7-EC8BE1568373}.Release|x86.ActiveCfg = Release|Any CPU
		{43117891-9A63-442A-97D7-EC8BE1568373}.Release|x86.Build.0 = Release|Any CPU
		{578AFA33-491D-4AC2-B1A9-6EA447BD6B9E}.Debug|Any CPU.ActiveCfg = Debug|Any CPU
		{578AFA33-491D-4AC2-B1A9-6EA447BD6B9E}.Debug|Any CPU.Build.0 = Debug|Any CPU
		{578AFA33-491D-4AC2-B1A9-6EA447BD6B9E}.Debug|x64.ActiveCfg = Debug|Any CPU
		{578AFA33-491D-4AC2-B1A9-6EA447BD6B9E}.Debug|x64.Build.0 = Debug|Any CPU
		{578AFA33-491D-4AC2-B1A9-6EA447BD6B9E}.Debug|x86.ActiveCfg = Debug|Any CPU
		{578AFA33-491D-4AC2-B1A9-6EA447BD6B9E}.Debug|x86.Build.0 = Debug|Any CPU
		{578AFA33-491D-4AC2-B1A9-6EA447BD6B9E}.Release|Any CPU.ActiveCfg = Release|Any CPU
		{578AFA33-491D-4AC2-B1A9-6EA447BD6B9E}.Release|Any CPU.Build.0 = Release|Any CPU
		{578AFA33-491D-4AC2-B1A9-6EA447BD6B9E}.Release|x64.ActiveCfg = Release|Any CPU
		{578AFA33-491D-4AC2-B1A9-6EA447BD6B9E}.Release|x64.Build.0 = Release|Any CPU
		{578AFA33-491D-4AC2-B1A9-6EA447BD6B9E}.Release|x86.ActiveCfg = Release|Any CPU
		{578AFA33-491D-4AC2-B1A9-6EA447BD6B9E}.Release|x86.Build.0 = Release|Any CPU
		{58959444-18CA-4562-926F-FFCB69C7FA16}.Debug|Any CPU.ActiveCfg = Debug|Any CPU
		{58959444-18CA-4562-926F-FFCB69C7FA16}.Debug|Any CPU.Build.0 = Debug|Any CPU
		{58959444-18CA-4562-926F-FFCB69C7FA16}.Debug|x64.ActiveCfg = Debug|Any CPU
		{58959444-18CA-4562-926F-FFCB69C7FA16}.Debug|x64.Build.0 = Debug|Any CPU
		{58959444-18CA-4562-926F-FFCB69C7FA16}.Debug|x86.ActiveCfg = Debug|Any CPU
		{58959444-18CA-4562-926F-FFCB69C7FA16}.Debug|x86.Build.0 = Debug|Any CPU
		{58959444-18CA-4562-926F-FFCB69C7FA16}.Release|Any CPU.ActiveCfg = Release|Any CPU
		{58959444-18CA-4562-926F-FFCB69C7FA16}.Release|Any CPU.Build.0 = Release|Any CPU
		{58959444-18CA-4562-926F-FFCB69C7FA16}.Release|x64.ActiveCfg = Release|Any CPU
		{58959444-18CA-4562-926F-FFCB69C7FA16}.Release|x64.Build.0 = Release|Any CPU
		{58959444-18CA-4562-926F-FFCB69C7FA16}.Release|x86.ActiveCfg = Release|Any CPU
		{58959444-18CA-4562-926F-FFCB69C7FA16}.Release|x86.Build.0 = Release|Any CPU
		{72BF064F-F877-434C-B092-624273694DD5}.Debug|Any CPU.ActiveCfg = Debug|Any CPU
		{72BF064F-F877-434C-B092-624273694DD5}.Debug|Any CPU.Build.0 = Debug|Any CPU
		{72BF064F-F877-434C-B092-624273694DD5}.Debug|x64.ActiveCfg = Debug|Any CPU
		{72BF064F-F877-434C-B092-624273694DD5}.Debug|x64.Build.0 = Debug|Any CPU
		{72BF064F-F877-434C-B092-624273694DD5}.Debug|x86.ActiveCfg = Debug|Any CPU
		{72BF064F-F877-434C-B092-624273694DD5}.Debug|x86.Build.0 = Debug|Any CPU
		{72BF064F-F877-434C-B092-624273694DD5}.Release|Any CPU.ActiveCfg = Release|Any CPU
		{72BF064F-F877-434C-B092-624273694DD5}.Release|Any CPU.Build.0 = Release|Any CPU
		{72BF064F-F877-434C-B092-624273694DD5}.Release|x64.ActiveCfg = Release|Any CPU
		{72BF064F-F877-434C-B092-624273694DD5}.Release|x64.Build.0 = Release|Any CPU
		{72BF064F-F877-434C-B092-624273694DD5}.Release|x86.ActiveCfg = Release|Any CPU
		{72BF064F-F877-434C-B092-624273694DD5}.Release|x86.Build.0 = Release|Any CPU
		{0DBDAE61-2066-4E98-B280-71C8A06E2188}.Debug|x64.ActiveCfg = Debug|Any CPU
		{0DBDAE61-2066-4E98-B280-71C8A06E2188}.Debug|x64.Build.0 = Debug|Any CPU
		{0DBDAE61-2066-4E98-B280-71C8A06E2188}.Debug|x86.ActiveCfg = Debug|Any CPU
		{0DBDAE61-2066-4E98-B280-71C8A06E2188}.Debug|x86.Build.0 = Debug|Any CPU
		{0DBDAE61-2066-4E98-B280-71C8A06E2188}.Release|x64.ActiveCfg = Release|Any CPU
		{0DBDAE61-2066-4E98-B280-71C8A06E2188}.Release|x64.Build.0 = Release|Any CPU
		{0DBDAE61-2066-4E98-B280-71C8A06E2188}.Release|x86.ActiveCfg = Release|Any CPU
		{0DBDAE61-2066-4E98-B280-71C8A06E2188}.Release|x86.Build.0 = Release|Any CPU
		{3C9087ED-0A8A-48C4-B8F8-F957B2FF2543}.Debug|Any CPU.ActiveCfg = Debug|Any CPU
		{3C9087ED-0A8A-48C4-B8F8-F957B2FF2543}.Debug|Any CPU.Build.0 = Debug|Any CPU
		{3C9087ED-0A8A-48C4-B8F8-F957B2FF2543}.Debug|x64.ActiveCfg = Debug|Any CPU
		{3C9087ED-0A8A-48C4-B8F8-F957B2FF2543}.Debug|x64.Build.0 = Debug|Any CPU
		{3C9087ED-0A8A-48C4-B8F8-F957B2FF2543}.Debug|x86.ActiveCfg = Debug|Any CPU
		{3C9087ED-0A8A-48C4-B8F8-F957B2FF2543}.Debug|x86.Build.0 = Debug|Any CPU
		{3C9087ED-0A8A-48C4-B8F8-F957B2FF2543}.Release|Any CPU.ActiveCfg = Release|Any CPU
		{3C9087ED-0A8A-48C4-B8F8-F957B2FF2543}.Release|Any CPU.Build.0 = Release|Any CPU
		{3C9087ED-0A8A-48C4-B8F8-F957B2FF2543}.Release|x64.ActiveCfg = Release|Any CPU
		{3C9087ED-0A8A-48C4-B8F8-F957B2FF2543}.Release|x64.Build.0 = Release|Any CPU
		{3C9087ED-0A8A-48C4-B8F8-F957B2FF2543}.Release|x86.ActiveCfg = Release|Any CPU
		{3C9087ED-0A8A-48C4-B8F8-F957B2FF2543}.Release|x86.Build.0 = Release|Any CPU
	EndGlobalSection
	GlobalSection(SolutionProperties) = preSolution
		HideSolutionNode = FALSE
	EndGlobalSection
	GlobalSection(NestedProjects) = preSolution
		{43117891-9A63-442A-97D7-EC8BE1568373} = {982CDE9D-D46D-424D-A8F6-33DA1DF6F604}
		{578AFA33-491D-4AC2-B1A9-6EA447BD6B9E} = {982CDE9D-D46D-424D-A8F6-33DA1DF6F604}
		{58959444-18CA-4562-926F-FFCB69C7FA16} = {93469F2D-CC2A-41B3-B071-2F91E1F2A75F}
		{72BF064F-F877-434C-B092-624273694DD5} = {93469F2D-CC2A-41B3-B071-2F91E1F2A75F}
		{3C9087ED-0A8A-48C4-B8F8-F957B2FF2543} = {7353AE76-8453-4B63-995C-A9C3780EAB16}
	EndGlobalSection
EndGlobal
